# This file is automatically @generated by Cargo.
# It is not intended for manual editing.
version = 3

[[package]]
name = "bytecount"
version = "0.6.8"
source = "registry+https://github.com/rust-lang/crates.io-index"
checksum = "5ce89b21cab1437276d2650d57e971f9d548a2d9037cc231abdc0562b97498ce"

[[package]]
name = "traderusty_rust"
version = "0.1.0"
dependencies = [
 "bytecount",
]
